
Microsoft Visual Studio Solution File, Format Version 12.00
# Visual Studio Version 16
VisualStudioVersion = 25.0.1706.7
MinimumVisualStudioVersion = 10.0.40219.1
Project("{FAE04EC0-301F-11D3-BF4B-00C04F79EFBC}") = "itransition4", "itransition4\itransition4.csproj", "{ED774E89-064F-449B-BF3E-4023BD2D81C1}"
EndProject
Global
	GlobalSection(SolutionConfigurationPlatforms) = preSolution
		Debug|Any CPU = Debug|Any CPU
		Release|Any CPU = Release|Any CPU
	EndGlobalSection
	GlobalSection(ProjectConfigurationPlatforms) = postSolution
		{ED774E89-064F-449B-BF3E-4023BD2D81C1}.Debug|Any CPU.ActiveCfg = Debug|Any CPU
		{ED774E89-064F-449B-BF3E-4023BD2D81C1}.Debug|Any CPU.Build.0 = Debug|Any CPU
		{ED774E89-064F-449B-BF3E-4023BD2D81C1}.Release|Any CPU.ActiveCfg = Release|Any CPU
		{ED774E89-064F-449B-BF3E-4023BD2D81C1}.Release|Any CPU.Build.0 = Release|Any CPU
	EndGlobalSection
	GlobalSection(SolutionProperties) = preSolution
		HideSolutionNode = FALSE
	EndGlobalSection
	GlobalSection(ExtensibilityGlobals) = postSolution
		SolutionGuid = {652E3BEB-BE41-435A-8985-3BA68FA04E53}
	EndGlobalSection
EndGlobal
